
Microsoft Visual Studio Solution File, Format Version 12.00
# Visual Studio Version 17
VisualStudioVersion = 17.10.34916.146
MinimumVisualStudioVersion = 10.0.40219.1
Project("{9A19103F-16F7-4668-BE54-9A1E7A4F7556}") = "SIDE", "SIDE\SIDE.csproj", "{159B8690-62A3-4F24-8C03-8E4A5C42E6B3}"
	ProjectSection(ProjectDependencies) = postProject
		{81D6B1E5-BD6F-4F5F-B1D9-616AF996E6DF} = {81D6B1E5-BD6F-4F5F-B1D9-616AF996E6DF}
	EndProjectSection
EndProject
Project("{9A19103F-16F7-4668-BE54-9A1E7A4F7556}") = "SIDE.Desktop", "SIDE.Desktop\SIDE.Desktop.csproj", "{DBD68263-25C6-48D1-8401-523BAE11BB2B}"
EndProject
Project("{9A19103F-16F7-4668-BE54-9A1E7A4F7556}") = "PluginLib", "PluginLib\PluginLib.csproj", "{81D6B1E5-BD6F-4F5F-B1D9-616AF996E6DF}"
EndProject
Global
	GlobalSection(SolutionConfigurationPlatforms) = preSolution
		Debug|Any CPU = Debug|Any CPU
		Release|Any CPU = Release|Any CPU
	EndGlobalSection
	GlobalSection(ProjectConfigurationPlatforms) = postSolution
		{159B8690-62A3-4F24-8C03-8E4A5C42E6B3}.Debug|Any CPU.ActiveCfg = Debug|Any CPU
		{159B8690-62A3-4F24-8C03-8E4A5C42E6B3}.Debug|Any CPU.Build.0 = Debug|Any CPU
		{159B8690-62A3-4F24-8C03-8E4A5C42E6B3}.Release|Any CPU.ActiveCfg = Release|Any CPU
		{159B8690-62A3-4F24-8C03-8E4A5C42E6B3}.Release|Any CPU.Build.0 = Release|Any CPU
		{DBD68263-25C6-48D1-8401-523BAE11BB2B}.Debug|Any CPU.ActiveCfg = Debug|Any CPU
		{DBD68263-25C6-48D1-8401-523BAE11BB2B}.Debug|Any CPU.Build.0 = Debug|Any CPU
		{DBD68263-25C6-48D1-8401-523BAE11BB2B}.Release|Any CPU.ActiveCfg = Release|Any CPU
		{DBD68263-25C6-48D1-8401-523BAE11BB2B}.Release|Any CPU.Build.0 = Release|Any CPU
		{81D6B1E5-BD6F-4F5F-B1D9-616AF996E6DF}.Debug|Any CPU.ActiveCfg = Debug|Any CPU
		{81D6B1E5-BD6F-4F5F-B1D9-616AF996E6DF}.Debug|Any CPU.Build.0 = Debug|Any CPU
		{81D6B1E5-BD6F-4F5F-B1D9-616AF996E6DF}.Release|Any CPU.ActiveCfg = Release|Any CPU
		{81D6B1E5-BD6F-4F5F-B1D9-616AF996E6DF}.Release|Any CPU.Build.0 = Release|Any CPU
	EndGlobalSection
	GlobalSection(SolutionProperties) = preSolution
		HideSolutionNode = FALSE
	EndGlobalSection
	GlobalSection(ExtensibilityGlobals) = postSolution
		SolutionGuid = {32A65DBC-1A96-4798-8E45-7AC6AA15E277}
	EndGlobalSection
EndGlobal
